{
  "lockfileVersion": 1,
  "configVersion": 1,
  "workspaces": {
    "": {
      "name": "hatch-spaces-workspace",
      "dependencies": {
        "@hatch/sdk": "file:/home/hatch/skills/spaces/js/runtime/vendor/hatch-sdk.tgz",
        "lucide-react": "0.577.0",
        "react": "19.2.5",
        "react-dom": "19.2.5",
        "recharts": "3.8.1",
        "scheduler": "0.27.0",
      },
      "devDependencies": {
        "@types/node": "24.12.0",
        "@types/react": "19.2.14",
        "@types/react-dom": "19.2.3",
        "bun-plugin-tailwind": "0.0.15",
        "playwright": "1.56.1",
        "tailwindcss": "4.1.13",
        "typescript": "6.0.2",
      },
    },
    "../../skills/flock/spaces/flock": {
      "name": "hatch-space-flock",
      "dependencies": {
        "@hatch/sdk": "file:/home/hatch/skills/spaces/js/runtime/vendor/hatch-sdk.tgz",
        "@types/react": "catalog:",
        "@types/react-dom": "catalog:",
        "lucide-react": "catalog:",
        "react": "catalog:",
        "react-dom": "catalog:",
        "recharts": "catalog:",
        "scheduler": "catalog:",
      },
      "devDependencies": {
        "@types/node": "catalog:",
        "bun-plugin-tailwind": "catalog:",
        "tailwindcss": "catalog:",
        "typescript": "catalog:",
      },
    },
    "cron-dashboard": {
      "name": "hatch-space-cron-dashboard",
      "dependencies": {
        "@hatch/sdk": "file:/home/hatch/skills/spaces/js/runtime/vendor/hatch-sdk.tgz",
        "lucide-react": "catalog:",
        "react": "catalog:",
        "react-dom": "catalog:",
        "recharts": "catalog:",
        "scheduler": "catalog:",
      },
      "devDependencies": {
        "@types/node": "catalog:",
        "@types/react": "catalog:",
        "@types/react-dom": "catalog:",
        "bun-plugin-tailwind": "catalog:",
        "playwright": "catalog:",
        "tailwindcss": "catalog:",
        "typescript": "catalog:",
      },
    },
    "daydream-viewer": {
      "name": "hatch-space-daydream-viewer",
      "dependencies": {
        "@hatch/sdk": "file:/home/hatch/skills/spaces/js/runtime/vendor/hatch-sdk.tgz",
        "lucide-react": "catalog:",
        "react": "catalog:",
        "react-dom": "catalog:",
        "recharts": "catalog:",
        "scheduler": "catalog:",
      },
      "devDependencies": {
        "@types/node": "catalog:",
        "@types/react": "catalog:",
        "@types/react-dom": "catalog:",
        "bun-plugin-tailwind": "catalog:",
        "playwright": "catalog:",
        "tailwindcss": "catalog:",
        "typescript": "catalog:",
      },
    },
    "face-library": {
      "name": "hatch-space-face-library",
      "dependencies": {
        "@hatch/sdk": "file:/home/hatch/skills/spaces/js/runtime/vendor/hatch-sdk.tgz",
        "lucide-react": "catalog:",
        "react": "catalog:",
        "react-dom": "catalog:",
        "recharts": "catalog:",
        "scheduler": "catalog:",
      },
      "devDependencies": {
        "@types/node": "catalog:",
        "@types/react": "catalog:",
        "@types/react-dom": "catalog:",
        "bun-plugin-tailwind": "catalog:",
        "playwright": "catalog:",
        "tailwindcss": "catalog:",
        "typescript": "catalog:",
      },
    },
    "remote-browser": {
      "name": "hatch-space-remote-browser",
      "dependencies": {
        "@hatch/sdk": "file:/home/hatch/skills/spaces/js/runtime/vendor/hatch-sdk.tgz",
        "lucide-react": "catalog:",
        "react": "catalog:",
        "react-dom": "catalog:",
        "recharts": "catalog:",
        "scheduler": "catalog:",
      },
      "devDependencies": {
        "@types/node": "catalog:",
        "@types/react": "catalog:",
        "@types/react-dom": "catalog:",
        "bun-plugin-tailwind": "catalog:",
        "playwright": "catalog:",
        "tailwindcss": "catalog:",
        "typescript": "catalog:",
      },
    },
    "system-monitor": {
      "name": "hatch-space-system-monitor",
      "dependencies": {
        "@hatch/sdk": "file:/home/hatch/skills/spaces/js/runtime/vendor/hatch-sdk.tgz",
        "lucide-react": "catalog:",
        "react": "catalog:",
        "react-dom": "catalog:",
        "recharts": "catalog:",
        "scheduler": "catalog:",
      },
      "devDependencies": {
        "@types/node": "catalog:",
        "@types/react": "catalog:",
        "@types/react-dom": "catalog:",
        "bun-plugin-tailwind": "catalog:",
        "playwright": "catalog:",
        "tailwindcss": "catalog:",
        "typescript": "catalog:",
      },
    },
    "watch-market": {
      "name": "hatch-space-watch-market",
      "dependencies": {
        "@hatch/sdk": "file:/home/hatch/skills/spaces/js/runtime/vendor/hatch-sdk.tgz",
        "lucide-react": "catalog:",
        "react": "catalog:",
        "react-dom": "catalog:",
        "recharts": "catalog:",
        "scheduler": "catalog:",
      },
      "devDependencies": {
        "@types/node": "catalog:",
        "@types/react": "catalog:",
        "@types/react-dom": "catalog:",
        "bun-plugin-tailwind": "catalog:",
        "playwright": "catalog:",
        "tailwindcss": "catalog:",
        "typescript": "catalog:",
      },
    },
  },
  "catalog": {
    "@types/node": "24.12.0",
    "@types/react": "19.2.14",
    "@types/react-dom": "19.2.3",
    "bun-plugin-tailwind": "0.0.15",
    "lucide-react": "0.577.0",
    "playwright": "1.56.1",
    "react": "19.2.5",
    "react-dom": "19.2.5",
    "recharts": "3.8.1",
    "scheduler": "0.27.0",
    "tailwindcss": "4.1.13",
    "typescript": "6.0.2",
  },
  "packages": {
    "@hatch/sdk": ["@hatch/sdk@/home/hatch/skills/spaces/js/runtime/vendor/hatch-sdk.tgz", {}, "sha512-kdoAnC4P//GqG74WQk/kcCpVLda+AMLDSzTfGHPf/ink+7o6tB60DvI0A7uMA7TnKn1+CV8H3bIk8S0Yn6opnQ=="],

    "@reduxjs/toolkit": ["@reduxjs/toolkit@2.11.2", "", { "dependencies": { "@standard-schema/spec": "^1.0.0", "@standard-schema/utils": "^0.3.0", "immer": "^11.0.0", "redux": "^5.0.1", "redux-thunk": "^3.1.0", "reselect": "^5.1.0" }, "peerDependencies": { "react": "^16.9.0 || ^17.0.0 || ^18 || ^19", "react-redux": "^7.2.1 || ^8.1.3 || ^9.0.0" }, "optionalPeers": ["react", "react-redux"] }, "sha512-Kd6kAHTA6/nUpp8mySPqj3en3dm0tdMIgbttnQ1xFMVpufoj+ADi8pXLBsd4xzTRHQa7t/Jv8W5UnCuW4kuWMQ=="],

    "@standard-schema/spec": ["@standard-schema/spec@1.1.0", "", {}, "sha512-l2aFy5jALhniG5HgqrD6jXLi/rUWrKvqN/qJx6yoJsgKhblVd+iqqU4RCXavm/jPityDo5TCvKMnpjKnOriy0w=="],

    "@standard-schema/utils": ["@standard-schema/utils@0.3.0", "", {}, "sha512-e7Mew686owMaPJVNNLs55PUvgz371nKgwsc4vxE49zsODpJEnxgxRo2y/OKrqueavXgZNMDVj3DdHFlaSAeU8g=="],

    "@types/d3-array": ["@types/d3-array@3.2.2", "", {}, "sha512-hOLWVbm7uRza0BYXpIIW5pxfrKe0W+D5lrFiAEYR+pb6w3N2SwSMaJbXdUfSEv+dT4MfHBLtn5js0LAWaO6otw=="],

    "@types/d3-color": ["@types/d3-color@3.1.3", "", {}, "sha512-iO90scth9WAbmgv7ogoq57O9YpKmFBbmoEoCHDB2xMBY0+/KVrqAaCDyCE16dUspeOvIxFFRI+0sEtqDqy2b4A=="],

    "@types/d3-ease": ["@types/d3-ease@3.0.2", "", {}, "sha512-NcV1JjO5oDzoK26oMzbILE6HW7uVXOHLQvHshBUW4UMdZGfiY6v5BeQwh9a9tCzv+CeefZQHJt5SRgK154RtiA=="],

    "@types/d3-interpolate": ["@types/d3-interpolate@3.0.4", "", { "dependencies": { "@types/d3-color": "*" } }, "sha512-mgLPETlrpVV1YRJIglr4Ez47g7Yxjl1lj7YKsiMCb27VJH9W8NVM6Bb9d8kkpG/uAQS5AmbA48q2IAolKKo1MA=="],

    "@types/d3-path": ["@types/d3-path@3.1.1", "", {}, "sha512-VMZBYyQvbGmWyWVea0EHs/BwLgxc+MKi1zLDCONksozI4YJMcTt8ZEuIR4Sb1MMTE8MMW49v0IwI5+b7RmfWlg=="],

    "@types/d3-scale": ["@types/d3-scale@4.0.9", "", { "dependencies": { "@types/d3-time": "*" } }, "sha512-dLmtwB8zkAeO/juAMfnV+sItKjlsw2lKdZVVy6LRr0cBmegxSABiLEpGVmSJJ8O08i4+sGR6qQtb6WtuwJdvVw=="],

    "@types/d3-shape": ["@types/d3-shape@3.1.8", "", { "dependencies": { "@types/d3-path": "*" } }, "sha512-lae0iWfcDeR7qt7rA88BNiqdvPS5pFVPpo5OfjElwNaT2yyekbM0C9vK+yqBqEmHr6lDkRnYNoTBYlAgJa7a4w=="],

    "@types/d3-time": ["@types/d3-time@3.0.4", "", {}, "sha512-yuzZug1nkAAaBlBBikKZTgzCeA+k1uy4ZFwWANOfKw5z5LRhV0gNA7gNkKm7HoK+HRN0wX3EkxGk0fpbWhmB7g=="],

    "@types/d3-timer": ["@types/d3-timer@3.0.2", "", {}, "sha512-Ps3T8E8dZDam6fUyNiMkekK3XUsaUEik+idO9/YjPtfj2qruF8tFBXS7XhtE4iIXBLxhmLjP3SXpLhVf21I9Lw=="],

    "@types/node": ["@types/node@24.12.0", "", { "dependencies": { "undici-types": "~7.16.0" } }, "sha512-GYDxsZi3ChgmckRT9HPU0WEhKLP08ev/Yfcq2AstjrDASOYCSXeyjDsHg4v5t4jOj7cyDX3vmprafKlWIG9MXQ=="],

    "@types/react": ["@types/react@19.2.14", "", { "dependencies": { "csstype": "^3.2.2" } }, "sha512-ilcTH/UniCkMdtexkoCN0bI7pMcJDvmQFPvuPvmEaYA/NSfFTAgdUSLAoVjaRJm7+6PvcM+q1zYOwS4wTYMF9w=="],

    "@types/react-dom": ["@types/react-dom@19.2.3", "", { "peerDependencies": { "@types/react": "^19.2.0" } }, "sha512-jp2L/eY6fn+KgVVQAOqYItbF0VY/YApe5Mz2F0aykSO8gx31bYCZyvSeYxCHKvzHG5eZjc+zyaS5BrBWya2+kQ=="],

    "@types/use-sync-external-store": ["@types/use-sync-external-store@0.0.6", "", {}, "sha512-zFDAD+tlpf2r4asuHEj0XH6pY6i0g5NeAHPn+15wk3BV6JA69eERFXC1gyGThDkVa1zCyKr5jox1+2LbV/AMLg=="],

    "bun-plugin-tailwind": ["bun-plugin-tailwind@0.0.15", "", { "peerDependencies": { "typescript": "^5.0.0" } }, "sha512-qtAXMNGG4R0UGGI8zWrqm2B7BdXqx48vunJXBPzfDOHPA5WkRUZdTSbE7TFwO4jLhYqSE23YMWsM9NhE6ovobw=="],

    "clsx": ["clsx@2.1.1", "", {}, "sha512-eYm0QWBtUrBWZWG0d386OGAw16Z995PiOVo2B7bjWSbHedGl5e0ZWaq65kOGgUSNesEIDkB9ISbTg/JK9dhCZA=="],

    "csstype": ["csstype@3.2.3", "", {}, "sha512-z1HGKcYy2xA8AGQfwrn0PAy+PB7X/GSj3UVJW9qKyn43xWa+gl5nXmU4qqLMRzWVLFC8KusUX8T/0kCiOYpAIQ=="],

    "d3-array": ["d3-array@3.2.4", "", { "dependencies": { "internmap": "1 - 2" } }, "sha512-tdQAmyA18i4J7wprpYq8ClcxZy3SC31QMeByyCFyRt7BVHdREQZ5lpzoe5mFEYZUWe+oq8HBvk9JjpibyEV4Jg=="],

    "d3-color": ["d3-color@3.1.0", "", {}, "sha512-zg/chbXyeBtMQ1LbD/WSoW2DpC3I0mpmPdW+ynRTj/x2DAWYrIY7qeZIHidozwV24m4iavr15lNwIwLxRmOxhA=="],

    "d3-ease": ["d3-ease@3.0.1", "", {}, "sha512-wR/XK3D3XcLIZwpbvQwQ5fK+8Ykds1ip7A2Txe0yxncXSdq1L9skcG7blcedkOX+ZcgxGAmLX1FrRGbADwzi0w=="],

    "d3-format": ["d3-format@3.1.2", "", {}, "sha512-AJDdYOdnyRDV5b6ArilzCPPwc1ejkHcoyFarqlPqT7zRYjhavcT3uSrqcMvsgh2CgoPbK3RCwyHaVyxYcP2Arg=="],

    "d3-interpolate": ["d3-interpolate@3.0.1", "", { "dependencies": { "d3-color": "1 - 3" } }, "sha512-3bYs1rOD33uo8aqJfKP3JWPAibgw8Zm2+L9vBKEHJ2Rg+viTR7o5Mmv5mZcieN+FRYaAOWX5SJATX6k1PWz72g=="],

    "d3-path": ["d3-path@3.1.0", "", {}, "sha512-p3KP5HCf/bvjBSSKuXid6Zqijx7wIfNW+J/maPs+iwR35at5JCbLUT0LzF1cnjbCHWhqzQTIN2Jpe8pRebIEFQ=="],

    "d3-scale": ["d3-scale@4.0.2", "", { "dependencies": { "d3-array": "2.10.0 - 3", "d3-format": "1 - 3", "d3-interpolate": "1.2.0 - 3", "d3-time": "2.1.1 - 3", "d3-time-format": "2 - 4" } }, "sha512-GZW464g1SH7ag3Y7hXjf8RoUuAFIqklOAq3MRl4OaWabTFJY9PN/E1YklhXLh+OQ3fM9yS2nOkCoS+WLZ6kvxQ=="],

    "d3-shape": ["d3-shape@3.2.0", "", { "dependencies": { "d3-path": "^3.1.0" } }, "sha512-SaLBuwGm3MOViRq2ABk3eLoxwZELpH6zhl3FbAoJ7Vm1gofKx6El1Ib5z23NUEhF9AsGl7y+dzLe5Cw2AArGTA=="],

    "d3-time": ["d3-time@3.1.0", "", { "dependencies": { "d3-array": "2 - 3" } }, "sha512-VqKjzBLejbSMT4IgbmVgDjpkYrNWUYJnbCGo874u7MMKIWsILRX+OpX/gTk8MqjpT1A/c6HY2dCA77ZN0lkQ2Q=="],

    "d3-time-format": ["d3-time-format@4.1.0", "", { "dependencies": { "d3-time": "1 - 3" } }, "sha512-dJxPBlzC7NugB2PDLwo9Q8JiTR3M3e4/XANkreKSUxF8vvXKqm1Yfq4Q5dl8budlunRVlUUaDUgFt7eA8D6NLg=="],

    "d3-timer": ["d3-timer@3.0.1", "", {}, "sha512-ndfJ/JxxMd3nw31uyKoY2naivF+r29V+Lc0svZxe1JvvIRmi8hUsrMvdOwgS1o6uBHmiz91geQ0ylPP0aj1VUA=="],

    "decimal.js-light": ["decimal.js-light@2.5.1", "", {}, "sha512-qIMFpTMZmny+MMIitAB6D7iVPEorVw6YQRWkvarTkT4tBeSLLiHzcwj6q0MmYSFCiVpiqPJTJEYIrpcPzVEIvg=="],

    "es-toolkit": ["es-toolkit@1.45.1", "", {}, "sha512-/jhoOj/Fx+A+IIyDNOvO3TItGmlMKhtX8ISAHKE90c4b/k1tqaqEZ+uUqfpU8DMnW5cgNJv606zS55jGvza0Xw=="],

    "eventemitter3": ["eventemitter3@5.0.4", "", {}, "sha512-mlsTRyGaPBjPedk6Bvw+aqbsXDtoAyAzm5MO7JgU+yVRyMQ5O8bD4Kcci7BS85f93veegeCPkL8R4GLClnjLFw=="],

    "fsevents": ["fsevents@2.3.2", "", { "os": "darwin" }, "sha512-xiqMQR4xAeHTuB9uWm+fFRcIOgKBMiOBP+eXiyT7jsgVCq1bkVygt00oASowB7EdtpOHaaPgKt812P9ab+DDKA=="],

    "hatch-space-cron-dashboard": ["hatch-space-cron-dashboard@workspace:cron-dashboard"],

    "hatch-space-daydream-viewer": ["hatch-space-daydream-viewer@workspace:daydream-viewer"],

    "hatch-space-face-library": ["hatch-space-face-library@workspace:face-library"],

    "hatch-space-flock": ["hatch-space-flock@workspace:../../skills/flock/spaces/flock"],

    "hatch-space-remote-browser": ["hatch-space-remote-browser@workspace:remote-browser"],

    "hatch-space-system-monitor": ["hatch-space-system-monitor@workspace:system-monitor"],

    "hatch-space-watch-market": ["hatch-space-watch-market@workspace:watch-market"],

    "immer": ["immer@10.2.0", "", {}, "sha512-d/+XTN3zfODyjr89gM3mPq1WNX2B8pYsu7eORitdwyA2sBubnTl3laYlBk4sXY5FUa5qTZGBDPJICVbvqzjlbw=="],

    "internmap": ["internmap@2.0.3", "", {}, "sha512-5Hh7Y1wQbvY5ooGgPbDaL5iYLAPzMTUrjMulskHLH6wnv/A+1q5rgEaiuqEjB+oxGXIVZs1FF+R/KPN3ZSQYYg=="],

    "lucide-react": ["lucide-react@0.577.0", "", { "peerDependencies": { "react": "^16.5.1 || ^17.0.0 || ^18.0.0 || ^19.0.0" } }, "sha512-4LjoFv2eEPwYDPg/CUdBJQSDfPyzXCRrVW1X7jrx/trgxnxkHFjnVZINbzvzxjN70dxychOfg+FTYwBiS3pQ5A=="],

    "playwright": ["playwright@1.56.1", "", { "dependencies": { "playwright-core": "1.56.1" }, "optionalDependencies": { "fsevents": "2.3.2" }, "bin": { "playwright": "cli.js" } }, "sha512-aFi5B0WovBHTEvpM3DzXTUaeN6eN0qWnTkKx4NQaH4Wvcmc153PdaY2UBdSYKaGYw+UyWXSVyxDUg5DoPEttjw=="],

    "playwright-core": ["playwright-core@1.56.1", "", { "bin": { "playwright-core": "cli.js" } }, "sha512-hutraynyn31F+Bifme+Ps9Vq59hKuUCz7H1kDOcBs+2oGguKkWTU50bBWrtz34OUWmIwpBTWDxaRPXrIXkgvmQ=="],

    "react": ["react@19.2.5", "", {}, "sha512-llUJLzz1zTUBrskt2pwZgLq59AemifIftw4aB7JxOqf1HY2FDaGDxgwpAPVzHU1kdWabH7FauP4i1oEeer2WCA=="],

    "react-dom": ["react-dom@19.2.5", "", { "dependencies": { "scheduler": "^0.27.0" }, "peerDependencies": { "react": "^19.2.5" } }, "sha512-J5bAZz+DXMMwW/wV3xzKke59Af6CHY7G4uYLN1OvBcKEsWOs4pQExj86BBKamxl/Ik5bx9whOrvBlSDfWzgSag=="],

    "react-is": ["react-is@19.2.4", "", {}, "sha512-W+EWGn2v0ApPKgKKCy/7s7WHXkboGcsrXE+2joLyVxkbyVQfO3MUEaUQDHoSmb8TFFrSKYa9mw64WZHNHSDzYA=="],

    "react-redux": ["react-redux@9.2.0", "", { "dependencies": { "@types/use-sync-external-store": "^0.0.6", "use-sync-external-store": "^1.4.0" }, "peerDependencies": { "@types/react": "^18.2.25 || ^19", "react": "^18.0 || ^19", "redux": "^5.0.0" }, "optionalPeers": ["@types/react", "redux"] }, "sha512-ROY9fvHhwOD9ySfrF0wmvu//bKCQ6AeZZq1nJNtbDC+kk5DuSuNX/n6YWYF/SYy7bSba4D4FSz8DJeKY/S/r+g=="],

    "recharts": ["recharts@3.8.1", "", { "dependencies": { "@reduxjs/toolkit": "^1.9.0 || 2.x.x", "clsx": "^2.1.1", "decimal.js-light": "^2.5.1", "es-toolkit": "^1.39.3", "eventemitter3": "^5.0.1", "immer": "^10.1.1", "react-redux": "8.x.x || 9.x.x", "reselect": "5.1.1", "tiny-invariant": "^1.3.3", "use-sync-external-store": "^1.2.2", "victory-vendor": "^37.0.2" }, "peerDependencies": { "react": "^16.8.0 || ^17.0.0 || ^18.0.0 || ^19.0.0", "react-dom": "^16.0.0 || ^17.0.0 || ^18.0.0 || ^19.0.0", "react-is": "^16.8.0 || ^17.0.0 || ^18.0.0 || ^19.0.0" } }, "sha512-mwzmO1s9sFL0TduUpwndxCUNoXsBw3u3E/0+A+cLcrSfQitSG62L32N69GhqUrrT5qKcAE3pCGVINC6pqkBBQg=="],

    "redux": ["redux@5.0.1", "", {}, "sha512-M9/ELqF6fy8FwmkpnF0S3YKOqMyoWJ4+CS5Efg2ct3oY9daQvd/Pc71FpGZsVsbl3Cpb+IIcjBDUnnyBdQbq4w=="],

    "redux-thunk": ["redux-thunk@3.1.0", "", { "peerDependencies": { "redux": "^5.0.0" } }, "sha512-NW2r5T6ksUKXCabzhL9z+h206HQw/NJkcLm1GPImRQ8IzfXwRGqjVhKJGauHirT0DAuyy6hjdnMZaRoAcy0Klw=="],

    "reselect": ["reselect@5.1.1", "", {}, "sha512-K/BG6eIky/SBpzfHZv/dd+9JBFiS4SWV7FIujVyJRux6e45+73RaUHXLmIR1f7WOMaQ0U1km6qwklRQxpJJY0w=="],

    "scheduler": ["scheduler@0.27.0", "", {}, "sha512-eNv+WrVbKu1f3vbYJT/xtiF5syA5HPIMtf9IgY/nKg0sWqzAUEvqY/xm7OcZc/qafLx/iO9FgOmeSAp4v5ti/Q=="],

    "tailwindcss": ["tailwindcss@4.1.13", "", {}, "sha512-i+zidfmTqtwquj4hMEwdjshYYgMbOrPzb9a0M3ZgNa0JMoZeFC6bxZvO8yr8ozS6ix2SDz0+mvryPeBs2TFE+w=="],

    "tiny-invariant": ["tiny-invariant@1.3.3", "", {}, "sha512-+FbBPE1o9QAYvviau/qC5SE3caw21q3xkvWKBtja5vgqOWIHHJ3ioaq1VPfn/Szqctz2bU/oYeKd9/z5BL+PVg=="],

    "typescript": ["typescript@6.0.2", "", { "bin": { "tsc": "bin/tsc", "tsserver": "bin/tsserver" } }, "sha512-bGdAIrZ0wiGDo5l8c++HWtbaNCWTS4UTv7RaTH/ThVIgjkveJt83m74bBHMJkuCbslY8ixgLBVZJIOiQlQTjfQ=="],

    "undici-types": ["undici-types@7.16.0", "", {}, "sha512-Zz+aZWSj8LE6zoxD+xrjh4VfkIG8Ya6LvYkZqtUQGJPZjYl53ypCaUwWqo7eI0x66KBGeRo+mlBEkMSeSZ38Nw=="],

    "use-sync-external-store": ["use-sync-external-store@1.6.0", "", { "peerDependencies": { "react": "^16.8.0 || ^17.0.0 || ^18.0.0 || ^19.0.0" } }, "sha512-Pp6GSwGP/NrPIrxVFAIkOQeyw8lFenOHijQWkUTrDvrF4ALqylP2C/KCkeS9dpUM3KvYRQhna5vt7IL95+ZQ9w=="],

    "victory-vendor": ["victory-vendor@37.3.6", "", { "dependencies": { "@types/d3-array": "^3.0.3", "@types/d3-ease": "^3.0.0", "@types/d3-interpolate": "^3.0.1", "@types/d3-scale": "^4.0.2", "@types/d3-shape": "^3.1.0", "@types/d3-time": "^3.0.0", "@types/d3-timer": "^3.0.0", "d3-array": "^3.1.6", "d3-ease": "^3.0.1", "d3-interpolate": "^3.0.1", "d3-scale": "^4.0.2", "d3-shape": "^3.1.0", "d3-time": "^3.0.0", "d3-timer": "^3.0.1" } }, "sha512-SbPDPdDBYp+5MJHhBCAyI7wKM3d5ivekigc2Dk2s7pgbZ9wIgIBYGVw4zGHBml/qTFbexrofXW6Gu4noGxrOwQ=="],

    "@reduxjs/toolkit/immer": ["immer@11.1.4", "", {}, "sha512-XREFCPo6ksxVzP4E0ekD5aMdf8WMwmdNaz6vuvxgI40UaEiu6q3p8X52aU6GdyvLY3XXX/8R7JOTXStz/nBbRw=="],
  }
}
